
Microsoft Visual Studio Solution File, Format Version 12.00
# Visual Studio 15
VisualStudioVersion = 15.0.27004.2006
MinimumVisualStudioVersion = 10.0.40219.1
Project("{FAE04EC0-301F-11D3-BF4B-00C04F79EFBC}") = "WebApp", "WebApp\WebApp.csproj", "{78A525A1-8EC9-4AB9-84CD-CE1310032F4A}"
EndProject
Project("{FAE04EC0-301F-11D3-BF4B-00C04F79EFBC}") = "EFExampleOne", "EFExampleOne\EFExampleOne.csproj", "{928FE759-2AD3-4277-97E5-0BAF14B60172}"
EndProject
Project("{FAE04EC0-301F-11D3-BF4B-00C04F79EFBC}") = "DataAccessOne", "DataAccessOne\DataAccessOne.csproj", "{D27C1090-A4CA-48EC-9F10-09CE1428397E}"
EndProject
Project("{FAE04EC0-301F-11D3-BF4B-00C04F79EFBC}") = "EFExampleTwo", "EFExampleTwo\EFExampleTwo.csproj", "{06B45704-FD96-4E24-8D69-8B98EC212D92}"
EndProject
Project("{FAE04EC0-301F-11D3-BF4B-00C04F79EFBC}") = "IdentityOne", "IdentityOne\IdentityOne.csproj", "{9D6A2AC1-6FA9-497C-8567-5E8B77CDACF3}"
EndProject
Project("{FAE04EC0-301F-11D3-BF4B-00C04F79EFBC}") = "WebApiOne", "WebApiOne\WebApiOne.csproj", "{26DD0D21-19C6-4F51-AA1E-9ED8EC1170CA}"
EndProject
Global
	GlobalSection(SolutionConfigurationPlatforms) = preSolution
		Debug|Any CPU = Debug|Any CPU
		Release|Any CPU = Release|Any CPU
	EndGlobalSection
	GlobalSection(ProjectConfigurationPlatforms) = postSolution
		{78A525A1-8EC9-4AB9-84CD-CE1310032F4A}.Debug|Any CPU.ActiveCfg = Debug|Any CPU
		{78A525A1-8EC9-4AB9-84CD-CE1310032F4A}.Debug|Any CPU.Build.0 = Debug|Any CPU
		{78A525A1-8EC9-4AB9-84CD-CE1310032F4A}.Release|Any CPU.ActiveCfg = Release|Any CPU
		{78A525A1-8EC9-4AB9-84CD-CE1310032F4A}.Release|Any CPU.Build.0 = Release|Any CPU
		{928FE759-2AD3-4277-97E5-0BAF14B60172}.Debug|Any CPU.ActiveCfg = Debug|Any CPU
		{928FE759-2AD3-4277-97E5-0BAF14B60172}.Debug|Any CPU.Build.0 = Debug|Any CPU
		{928FE759-2AD3-4277-97E5-0BAF14B60172}.Release|Any CPU.ActiveCfg = Release|Any CPU
		{928FE759-2AD3-4277-97E5-0BAF14B60172}.Release|Any CPU.Build.0 = Release|Any CPU
		{D27C1090-A4CA-48EC-9F10-09CE1428397E}.Debug|Any CPU.ActiveCfg = Debug|Any CPU
		{D27C1090-A4CA-48EC-9F10-09CE1428397E}.Debug|Any CPU.Build.0 = Debug|Any CPU
		{D27C1090-A4CA-48EC-9F10-09CE1428397E}.Release|Any CPU.ActiveCfg = Release|Any CPU
		{D27C1090-A4CA-48EC-9F10-09CE1428397E}.Release|Any CPU.Build.0 = Release|Any CPU
		{06B45704-FD96-4E24-8D69-8B98EC212D92}.Debug|Any CPU.ActiveCfg = Debug|Any CPU
		{06B45704-FD96-4E24-8D69-8B98EC212D92}.Debug|Any CPU.Build.0 = Debug|Any CPU
		{06B45704-FD96-4E24-8D69-8B98EC212D92}.Release|Any CPU.ActiveCfg = Release|Any CPU
		{06B45704-FD96-4E24-8D69-8B98EC212D92}.Release|Any CPU.Build.0 = Release|Any CPU
		{9D6A2AC1-6FA9-497C-8567-5E8B77CDACF3}.Debug|Any CPU.ActiveCfg = Debug|Any CPU
		{9D6A2AC1-6FA9-497C-8567-5E8B77CDACF3}.Debug|Any CPU.Build.0 = Debug|Any CPU
		{9D6A2AC1-6FA9-497C-8567-5E8B77CDACF3}.Release|Any CPU.ActiveCfg = Release|Any CPU
		{9D6A2AC1-6FA9-497C-8567-5E8B77CDACF3}.Release|Any CPU.Build.0 = Release|Any CPU
		{26DD0D21-19C6-4F51-AA1E-9ED8EC1170CA}.Debug|Any CPU.ActiveCfg = Debug|Any CPU
		{26DD0D21-19C6-4F51-AA1E-9ED8EC1170CA}.Debug|Any CPU.Build.0 = Debug|Any CPU
		{26DD0D21-19C6-4F51-AA1E-9ED8EC1170CA}.Release|Any CPU.ActiveCfg = Release|Any CPU
		{26DD0D21-19C6-4F51-AA1E-9ED8EC1170CA}.Release|Any CPU.Build.0 = Release|Any CPU
	EndGlobalSection
	GlobalSection(SolutionProperties) = preSolution
		HideSolutionNode = FALSE
	EndGlobalSection
	GlobalSection(ExtensibilityGlobals) = postSolution
		SolutionGuid = {005987B8-77F7-4627-BAE8-2D60F74D5860}
	EndGlobalSection
EndGlobal
